
Microsoft Visual Studio Solution File, Format Version 12.00
# Visual Studio Version 17
VisualStudioVersion = 17.6.33815.320
MinimumVisualStudioVersion = 10.0.40219.1
Project("{FAE04EC0-301F-11D3-BF4B-00C04F79EFBC}") = "Backend", "Backend.csproj", "{31EBE232-5EA8-4F40-8950-043E44DFEF55}"
EndProject
Project("{FAE04EC0-301F-11D3-BF4B-00C04F79EFBC}") = "Core", "..\Core\Core.csproj", "{08A94AA5-E213-43AA-ACA4-C11816AF379B}"
EndProject
Project("{FAE04EC0-301F-11D3-BF4B-00C04F79EFBC}") = "Infrastructure", "..\Infrastructure\Infrastructure.csproj", "{8247004E-3260-41BB-8A3D-EDCB05270970}"
EndProject
Global
	GlobalSection(SolutionConfigurationPlatforms) = preSolution
		Debug|Any CPU = Debug|Any CPU
		Release|Any CPU = Release|Any CPU
	EndGlobalSection
	GlobalSection(ProjectConfigurationPlatforms) = postSolution
		{31EBE232-5EA8-4F40-8950-043E44DFEF55}.Debug|Any CPU.ActiveCfg = Debug|Any CPU
		{31EBE232-5EA8-4F40-8950-043E44DFEF55}.Debug|Any CPU.Build.0 = Debug|Any CPU
		{31EBE232-5EA8-4F40-8950-043E44DFEF55}.Release|Any CPU.ActiveCfg = Release|Any CPU
		{31EBE232-5EA8-4F40-8950-043E44DFEF55}.Release|Any CPU.Build.0 = Release|Any CPU
		{08A94AA5-E213-43AA-ACA4-C11816AF379B}.Debug|Any CPU.ActiveCfg = Debug|Any CPU
		{08A94AA5-E213-43AA-ACA4-C11816AF379B}.Debug|Any CPU.Build.0 = Debug|Any CPU
		{08A94AA5-E213-43AA-ACA4-C11816AF379B}.Release|Any CPU.ActiveCfg = Release|Any CPU
		{08A94AA5-E213-43AA-ACA4-C11816AF379B}.Release|Any CPU.Build.0 = Release|Any CPU
		{8247004E-3260-41BB-8A3D-EDCB05270970}.Debug|Any CPU.ActiveCfg = Debug|Any CPU
		{8247004E-3260-41BB-8A3D-EDCB05270970}.Debug|Any CPU.Build.0 = Debug|Any CPU
		{8247004E-3260-41BB-8A3D-EDCB05270970}.Release|Any CPU.ActiveCfg = Release|Any CPU
		{8247004E-3260-41BB-8A3D-EDCB05270970}.Release|Any CPU.Build.0 = Release|Any CPU
	EndGlobalSection
	GlobalSection(SolutionProperties) = preSolution
		HideSolutionNode = FALSE
	EndGlobalSection
	GlobalSection(ExtensibilityGlobals) = postSolution
		SolutionGuid = {8B442A34-08C3-494C-A0A4-FAF9A46B61A2}
	EndGlobalSection
EndGlobal
